
Microsoft Visual Studio Solution File, Format Version 12.00
# Visual Studio 15
VisualStudioVersion = 15.0.28307.757
MinimumVisualStudioVersion = 10.0.40219.1
Project("{FAE04EC0-301F-11D3-BF4B-00C04F79EFBC}") = "MedicalPractice_Ver2", "MedicalPractice_Ver2\MedicalPractice_Ver2.csproj", "{5DB14CF4-8D10-47D4-9FA1-D7B6416F2714}"
EndProject
Global
	GlobalSection(SolutionConfigurationPlatforms) = preSolution
		Debug|Any CPU = Debug|Any CPU
		Release|Any CPU = Release|Any CPU
	EndGlobalSection
	GlobalSection(ProjectConfigurationPlatforms) = postSolution
		{5DB14CF4-8D10-47D4-9FA1-D7B6416F2714}.Debug|Any CPU.ActiveCfg = Debug|Any CPU
		{5DB14CF4-8D10-47D4-9FA1-D7B6416F2714}.Debug|Any CPU.Build.0 = Debug|Any CPU
		{5DB14CF4-8D10-47D4-9FA1-D7B6416F2714}.Release|Any CPU.ActiveCfg = Release|Any CPU
		{5DB14CF4-8D10-47D4-9FA1-D7B6416F2714}.Release|Any CPU.Build.0 = Release|Any CPU
	EndGlobalSection
	GlobalSection(SolutionProperties) = preSolution
		HideSolutionNode = FALSE
	EndGlobalSection
	GlobalSection(ExtensibilityGlobals) = postSolution
		SolutionGuid = {46952BA7-888C-467B-9677-720693486DB6}
	EndGlobalSection
EndGlobal
